{
  "requires": true,
  "lockfileVersion": 1,
  "dependencies": {
    "@types/node": {
      "version": "16.0.1",
      "resolved": "https://repo.huaweicloud.com/repository/npm/@types/node/-/node-16.0.1.tgz",
      "integrity": "sha512-hBOx4SUlEPKwRi6PrXuTGw1z6lz0fjsibcWCM378YxsSu/6+C30L6CR49zIBKHiwNWCYIcOLjg4OHKZaFeLAug=="
    }
  }
}
